
Microsoft Visual Studio Solution File, Format Version 12.00
# Visual Studio Version 16
VisualStudioVersion = 16.0.30907.101
MinimumVisualStudioVersion = 10.0.40219.1
Project("{FAE04EC0-301F-11D3-BF4B-00C04F79EFBC}") = "Ifood.Api", "src\Ifood.Api\Ifood.Api.csproj", "{5D74291A-42E6-4387-BA89-C7BE1DB076D9}"
EndProject
Project("{FAE04EC0-301F-11D3-BF4B-00C04F79EFBC}") = "Ifood.Business", "src\Ifood.Business\Ifood.Business.csproj", "{F3EECB3D-2F7E-4D78-98E7-1DC4661334A6}"
EndProject
Project("{FAE04EC0-301F-11D3-BF4B-00C04F79EFBC}") = "Ifood.Data", "src\Ifood.Data\Ifood.Data.csproj", "{FF83F43B-1ECB-4A0C-9559-746FE41EA434}"
EndProject
Global
	GlobalSection(SolutionConfigurationPlatforms) = preSolution
		Debug|Any CPU = Debug|Any CPU
		Release|Any CPU = Release|Any CPU
	EndGlobalSection
	GlobalSection(ProjectConfigurationPlatforms) = postSolution
		{5D74291A-42E6-4387-BA89-C7BE1DB076D9}.Debug|Any CPU.ActiveCfg = Debug|Any CPU
		{5D74291A-42E6-4387-BA89-C7BE1DB076D9}.Debug|Any CPU.Build.0 = Debug|Any CPU
		{5D74291A-42E6-4387-BA89-C7BE1DB076D9}.Release|Any CPU.ActiveCfg = Release|Any CPU
		{5D74291A-42E6-4387-BA89-C7BE1DB076D9}.Release|Any CPU.Build.0 = Release|Any CPU
		{F3EECB3D-2F7E-4D78-98E7-1DC4661334A6}.Debug|Any CPU.ActiveCfg = Debug|Any CPU
		{F3EECB3D-2F7E-4D78-98E7-1DC4661334A6}.Debug|Any CPU.Build.0 = Debug|Any CPU
		{F3EECB3D-2F7E-4D78-98E7-1DC4661334A6}.Release|Any CPU.ActiveCfg = Release|Any CPU
		{F3EECB3D-2F7E-4D78-98E7-1DC4661334A6}.Release|Any CPU.Build.0 = Release|Any CPU
		{FF83F43B-1ECB-4A0C-9559-746FE41EA434}.Debug|Any CPU.ActiveCfg = Debug|Any CPU
		{FF83F43B-1ECB-4A0C-9559-746FE41EA434}.Debug|Any CPU.Build.0 = Debug|Any CPU
		{FF83F43B-1ECB-4A0C-9559-746FE41EA434}.Release|Any CPU.ActiveCfg = Release|Any CPU
		{FF83F43B-1ECB-4A0C-9559-746FE41EA434}.Release|Any CPU.Build.0 = Release|Any CPU
	EndGlobalSection
	GlobalSection(SolutionProperties) = preSolution
		HideSolutionNode = FALSE
	EndGlobalSection
	GlobalSection(ExtensibilityGlobals) = postSolution
		SolutionGuid = {490EB40B-BFE5-43B6-9162-E5BC34141C0D}
	EndGlobalSection
EndGlobal
